
Microsoft Visual Studio Solution File, Format Version 12.00
# Visual Studio 15
VisualStudioVersion = 15.0.28307.572
MinimumVisualStudioVersion = 10.0.40219.1
Project("{FAE04EC0-301F-11D3-BF4B-00C04F79EFBC}") = "GildedRose", "GildedRose\GildedRose.csproj", "{2CFEA0A1-2D7C-41F9-B5C7-FA2699E836BD}"
EndProject
Project("{FAE04EC0-301F-11D3-BF4B-00C04F79EFBC}") = "GildedRose.Tests", "GildedRose.Tests\GildedRose.Tests.csproj", "{6732501D-F1B5-43F9-B87B-BB3E9F9ABB7F}"
EndProject
Global
	GlobalSection(SolutionConfigurationPlatforms) = preSolution
		Debug|Any CPU = Debug|Any CPU
		Release|Any CPU = Release|Any CPU
	EndGlobalSection
	GlobalSection(ProjectConfigurationPlatforms) = postSolution
		{2CFEA0A1-2D7C-41F9-B5C7-FA2699E836BD}.Debug|Any CPU.ActiveCfg = Debug|Any CPU
		{2CFEA0A1-2D7C-41F9-B5C7-FA2699E836BD}.Debug|Any CPU.Build.0 = Debug|Any CPU
		{2CFEA0A1-2D7C-41F9-B5C7-FA2699E836BD}.Release|Any CPU.ActiveCfg = Release|Any CPU
		{2CFEA0A1-2D7C-41F9-B5C7-FA2699E836BD}.Release|Any CPU.Build.0 = Release|Any CPU
		{6732501D-F1B5-43F9-B87B-BB3E9F9ABB7F}.Debug|Any CPU.ActiveCfg = Debug|Any CPU
		{6732501D-F1B5-43F9-B87B-BB3E9F9ABB7F}.Debug|Any CPU.Build.0 = Debug|Any CPU
		{6732501D-F1B5-43F9-B87B-BB3E9F9ABB7F}.Release|Any CPU.ActiveCfg = Release|Any CPU
		{6732501D-F1B5-43F9-B87B-BB3E9F9ABB7F}.Release|Any CPU.Build.0 = Release|Any CPU
	EndGlobalSection
	GlobalSection(SolutionProperties) = preSolution
		HideSolutionNode = FALSE
	EndGlobalSection
	GlobalSection(ExtensibilityGlobals) = postSolution
		SolutionGuid = {2B023D5B-5286-4419-84FA-1BF300FB8AA3}
	EndGlobalSection
EndGlobal
